
Microsoft Visual Studio Solution File, Format Version 12.00
# Visual Studio Version 16
VisualStudioVersion = 16.0.30204.135
MinimumVisualStudioVersion = 10.0.40219.1
Project("{9A19103F-16F7-4668-BE54-9A1E7A4F7556}") = "Zorbo.Core", "Zorbo.Core\Zorbo.Core.csproj", "{297DC63C-DBB9-4884-9231-E4BBF23DA7DF}"
EndProject
Project("{9A19103F-16F7-4668-BE54-9A1E7A4F7556}") = "Zorbo.Ares.Server", "Zorbo.Ares.Server\Zorbo.Ares.Server.csproj", "{A3420D8F-458B-464A-883B-929FC2B74CD6}"
EndProject
Project("{9A19103F-16F7-4668-BE54-9A1E7A4F7556}") = "Zorbo.Ares", "Zorbo.Ares\Zorbo.Ares.csproj", "{1F4B4842-EFA7-4E1A-9DD8-0C6C71ADAFCB}"
EndProject
Project("{2150E333-8FDC-42A3-9474-1A3956D46DE8}") = "Server", "Server", "{81E6A84D-0C76-4C39-A215-6EC47841C457}"
EndProject
Project("{2150E333-8FDC-42A3-9474-1A3956D46DE8}") = "Plugins", "Plugins", "{889F4454-41DE-4EC8-A9E1-42E6DA93ADC2}"
EndProject
Project("{9A19103F-16F7-4668-BE54-9A1E7A4F7556}") = "Zorbo.Server.WPF", "Zorbo.Server.WPF\Zorbo.Server.WPF.csproj", "{AF40B4B6-E539-41A7-BF7C-1524A3FE45B7}"
EndProject
Project("{9A19103F-16F7-4668-BE54-9A1E7A4F7556}") = "Zorbo.Server.WPF.Plugins", "Zorbo.Server.WPF.Plugins\Zorbo.Server.WPF.Plugins.csproj", "{ECD85F1E-412B-465C-9D92-453532B9A0FA}"
EndProject
Project("{9A19103F-16F7-4668-BE54-9A1E7A4F7556}") = "Autoload", "Server Plugins\Autoload\Autoload.csproj", "{87F4C5D4-803E-427A-8C1E-E0ACB8E27572}"
EndProject
Project("{9A19103F-16F7-4668-BE54-9A1E7A4F7556}") = "cb0tProtocol", "Server Plugins\cb0tProtocol\cb0tProtocol.csproj", "{2DEEC985-2519-48A6-A6A0-871E6B0E8976}"
EndProject
Project("{9A19103F-16F7-4668-BE54-9A1E7A4F7556}") = "Javascript", "Server Plugins\Javascript\Javascript.csproj", "{E1DDAFD0-6CBD-4928-B019-95303F5D2041}"
EndProject
Project("{9A19103F-16F7-4668-BE54-9A1E7A4F7556}") = "Commands", "Server Plugins\Commands\Commands.csproj", "{EC6D083B-FAB7-4276-AE54-5B7E0B7CC29A}"
EndProject
Project("{9A19103F-16F7-4668-BE54-9A1E7A4F7556}") = "Hashlinks", "Server Plugins\Hashlinks\Hashlinks.csproj", "{8453074F-C1D7-4F2F-B4E6-D92E4F26F7DE}"
EndProject
Project("{9A19103F-16F7-4668-BE54-9A1E7A4F7556}") = "Motd", "Server Plugins\Motd\Motd.csproj", "{BD710CFF-EF18-49AC-98A6-4BC75130C562}"
EndProject
Project("{9A19103F-16F7-4668-BE54-9A1E7A4F7556}") = "cb0tProtocol.Shared", "Server Plugins\cb0tProtocol.Shared\cb0tProtocol.Shared.csproj", "{2A808A9C-F25D-443B-BC4B-678A9D2B9E87}"
EndProject
Global
	GlobalSection(SolutionConfigurationPlatforms) = preSolution
		Debug|Any CPU = Debug|Any CPU
		Release|Any CPU = Release|Any CPU
	EndGlobalSection
	GlobalSection(ProjectConfigurationPlatforms) = postSolution
		{297DC63C-DBB9-4884-9231-E4BBF23DA7DF}.Debug|Any CPU.ActiveCfg = Debug|Any CPU
		{297DC63C-DBB9-4884-9231-E4BBF23DA7DF}.Debug|Any CPU.Build.0 = Debug|Any CPU
		{297DC63C-DBB9-4884-9231-E4BBF23DA7DF}.Release|Any CPU.ActiveCfg = Release|Any CPU
		{297DC63C-DBB9-4884-9231-E4BBF23DA7DF}.Release|Any CPU.Build.0 = Release|Any CPU
		{A3420D8F-458B-464A-883B-929FC2B74CD6}.Debug|Any CPU.ActiveCfg = Debug|Any CPU
		{A3420D8F-458B-464A-883B-929FC2B74CD6}.Debug|Any CPU.Build.0 = Debug|Any CPU
		{A3420D8F-458B-464A-883B-929FC2B74CD6}.Release|Any CPU.ActiveCfg = Release|Any CPU
		{A3420D8F-458B-464A-883B-929FC2B74CD6}.Release|Any CPU.Build.0 = Release|Any CPU
		{1F4B4842-EFA7-4E1A-9DD8-0C6C71ADAFCB}.Debug|Any CPU.ActiveCfg = Debug|Any CPU
		{1F4B4842-EFA7-4E1A-9DD8-0C6C71ADAFCB}.Debug|Any CPU.Build.0 = Debug|Any CPU
		{1F4B4842-EFA7-4E1A-9DD8-0C6C71ADAFCB}.Release|Any CPU.ActiveCfg = Release|Any CPU
		{1F4B4842-EFA7-4E1A-9DD8-0C6C71ADAFCB}.Release|Any CPU.Build.0 = Release|Any CPU
		{AF40B4B6-E539-41A7-BF7C-1524A3FE45B7}.Debug|Any CPU.ActiveCfg = Debug|Any CPU
		{AF40B4B6-E539-41A7-BF7C-1524A3FE45B7}.Debug|Any CPU.Build.0 = Debug|Any CPU
		{AF40B4B6-E539-41A7-BF7C-1524A3FE45B7}.Release|Any CPU.ActiveCfg = Release|Any CPU
		{AF40B4B6-E539-41A7-BF7C-1524A3FE45B7}.Release|Any CPU.Build.0 = Release|Any CPU
		{ECD85F1E-412B-465C-9D92-453532B9A0FA}.Debug|Any CPU.ActiveCfg = Debug|Any CPU
		{ECD85F1E-412B-465C-9D92-453532B9A0FA}.Debug|Any CPU.Build.0 = Debug|Any CPU
		{ECD85F1E-412B-465C-9D92-453532B9A0FA}.Release|Any CPU.ActiveCfg = Release|Any CPU
		{ECD85F1E-412B-465C-9D92-453532B9A0FA}.Release|Any CPU.Build.0 = Release|Any CPU
		{87F4C5D4-803E-427A-8C1E-E0ACB8E27572}.Debug|Any CPU.ActiveCfg = Debug|Any CPU
		{87F4C5D4-803E-427A-8C1E-E0ACB8E27572}.Debug|Any CPU.Build.0 = Debug|Any CPU
		{87F4C5D4-803E-427A-8C1E-E0ACB8E27572}.Release|Any CPU.ActiveCfg = Release|Any CPU
		{87F4C5D4-803E-427A-8C1E-E0ACB8E27572}.Release|Any CPU.Build.0 = Release|Any CPU
		{2DEEC985-2519-48A6-A6A0-871E6B0E8976}.Debug|Any CPU.ActiveCfg = Debug|Any CPU
		{2DEEC985-2519-48A6-A6A0-871E6B0E8976}.Debug|Any CPU.Build.0 = Debug|Any CPU
		{2DEEC985-2519-48A6-A6A0-871E6B0E8976}.Release|Any CPU.ActiveCfg = Release|Any CPU
		{2DEEC985-2519-48A6-A6A0-871E6B0E8976}.Release|Any CPU.Build.0 = Release|Any CPU
		{E1DDAFD0-6CBD-4928-B019-95303F5D2041}.Debug|Any CPU.ActiveCfg = Debug|Any CPU
		{E1DDAFD0-6CBD-4928-B019-95303F5D2041}.Debug|Any CPU.Build.0 = Debug|Any CPU
		{E1DDAFD0-6CBD-4928-B019-95303F5D2041}.Release|Any CPU.ActiveCfg = Release|Any CPU
		{E1DDAFD0-6CBD-4928-B019-95303F5D2041}.Release|Any CPU.Build.0 = Release|Any CPU
		{EC6D083B-FAB7-4276-AE54-5B7E0B7CC29A}.Debug|Any CPU.ActiveCfg = Debug|Any CPU
		{EC6D083B-FAB7-4276-AE54-5B7E0B7CC29A}.Debug|Any CPU.Build.0 = Debug|Any CPU
		{EC6D083B-FAB7-4276-AE54-5B7E0B7CC29A}.Release|Any CPU.ActiveCfg = Release|Any CPU
		{EC6D083B-FAB7-4276-AE54-5B7E0B7CC29A}.Release|Any CPU.Build.0 = Release|Any CPU
		{8453074F-C1D7-4F2F-B4E6-D92E4F26F7DE}.Debug|Any CPU.ActiveCfg = Debug|Any CPU
		{8453074F-C1D7-4F2F-B4E6-D92E4F26F7DE}.Debug|Any CPU.Build.0 = Debug|Any CPU
		{8453074F-C1D7-4F2F-B4E6-D92E4F26F7DE}.Release|Any CPU.ActiveCfg = Release|Any CPU
		{8453074F-C1D7-4F2F-B4E6-D92E4F26F7DE}.Release|Any CPU.Build.0 = Release|Any CPU
		{BD710CFF-EF18-49AC-98A6-4BC75130C562}.Debug|Any CPU.ActiveCfg = Debug|Any CPU
		{BD710CFF-EF18-49AC-98A6-4BC75130C562}.Debug|Any CPU.Build.0 = Debug|Any CPU
		{BD710CFF-EF18-49AC-98A6-4BC75130C562}.Release|Any CPU.ActiveCfg = Release|Any CPU
		{BD710CFF-EF18-49AC-98A6-4BC75130C562}.Release|Any CPU.Build.0 = Release|Any CPU
		{2A808A9C-F25D-443B-BC4B-678A9D2B9E87}.Debug|Any CPU.ActiveCfg = Debug|Any CPU
		{2A808A9C-F25D-443B-BC4B-678A9D2B9E87}.Debug|Any CPU.Build.0 = Debug|Any CPU
		{2A808A9C-F25D-443B-BC4B-678A9D2B9E87}.Release|Any CPU.ActiveCfg = Release|Any CPU
		{2A808A9C-F25D-443B-BC4B-678A9D2B9E87}.Release|Any CPU.Build.0 = Release|Any CPU
	EndGlobalSection
	GlobalSection(SolutionProperties) = preSolution
		HideSolutionNode = FALSE
	EndGlobalSection
	GlobalSection(NestedProjects) = preSolution
		{889F4454-41DE-4EC8-A9E1-42E6DA93ADC2} = {81E6A84D-0C76-4C39-A215-6EC47841C457}
		{AF40B4B6-E539-41A7-BF7C-1524A3FE45B7} = {81E6A84D-0C76-4C39-A215-6EC47841C457}
		{ECD85F1E-412B-465C-9D92-453532B9A0FA} = {81E6A84D-0C76-4C39-A215-6EC47841C457}
		{87F4C5D4-803E-427A-8C1E-E0ACB8E27572} = {889F4454-41DE-4EC8-A9E1-42E6DA93ADC2}
		{2DEEC985-2519-48A6-A6A0-871E6B0E8976} = {889F4454-41DE-4EC8-A9E1-42E6DA93ADC2}
		{E1DDAFD0-6CBD-4928-B019-95303F5D2041} = {889F4454-41DE-4EC8-A9E1-42E6DA93ADC2}
		{EC6D083B-FAB7-4276-AE54-5B7E0B7CC29A} = {889F4454-41DE-4EC8-A9E1-42E6DA93ADC2}
		{8453074F-C1D7-4F2F-B4E6-D92E4F26F7DE} = {889F4454-41DE-4EC8-A9E1-42E6DA93ADC2}
		{BD710CFF-EF18-49AC-98A6-4BC75130C562} = {889F4454-41DE-4EC8-A9E1-42E6DA93ADC2}
		{2A808A9C-F25D-443B-BC4B-678A9D2B9E87} = {889F4454-41DE-4EC8-A9E1-42E6DA93ADC2}
	EndGlobalSection
	GlobalSection(ExtensibilityGlobals) = postSolution
		SolutionGuid = {312FC976-0EE5-45B1-B5BB-72686EF43979}
	EndGlobalSection
EndGlobal
